// !$*UTF8*$!
{
	archiveVersion = 1;
	classes = {
	};
	objectVersion = 50;
	objects = {

/* Begin PBXBuildFile section */
		1632FCDD259F111C0010E87C /* AppDelegate.m in Sources */ = {isa = PBXBuildFile; fileRef = 1632FCDC259F111C0010E87C /* AppDelegate.m */; };
		1632FCE0259F111C0010E87C /* SceneDelegate.m in Sources */ = {isa = PBXBuildFile; fileRef = 1632FCDF259F111C0010E87C /* SceneDelegate.m */; };
		1632FCE3259F111C0010E87C /* ViewController.m in Sources */ = {isa = PBXBuildFile; fileRef = 1632FCE2259F111C0010E87C /* ViewController.m */; };
		1632FCE6259F111C0010E87C /* Main.storyboard in Resources */ = {isa = PBXBuildFile; fileRef = 1632FCE4259F111C0010E87C /* Main.storyboard */; };
		1632FCE8259F111E0010E87C /* Assets.xcassets in Resources */ = {isa = PBXBuildFile; fileRef = 1632FCE7259F111E0010E87C /* Assets.xcassets */; };
		1632FCEB259F111E0010E87C /* LaunchScreen.storyboard in Resources */ = {isa = PBXBuildFile; fileRef = 1632FCE9259F111E0010E87C /* LaunchScreen.storyboard */; };
		1632FCEE259F111E0010E87C /* main.m in Sources */ = {isa = PBXBuildFile; fileRef = 1632FCED259F111E0010E87C /* main.m */; };
/* End PBXBuildFile section */

/* Begin PBXFileReference section */
		1632FCD8259F111C0010E87C /* OperationDownload.app */ = {isa = PBXFileReference; explicitFileType = wrapper.application; includeInIndex = 0; path = OperationDownload.app; sourceTree = BUILT_PRODUCTS_DIR; };
		1632FCDB259F111C0010E87C /* AppDelegate.h */ = {isa = PBXFileReference; lastKnownFileType = sourcecode.c.h; path = AppDelegate.h; sourceTree = "<group>"; };
		1632FCDC259F111C0010E87C /* AppDelegate.m */ = {isa = PBXFileReference; lastKnownFileType = sourcecode.c.objc; path = AppDelegate.m; sourceTree = "<group>"; };
		1632FCDE259F111C0010E87C /* SceneDelegate.h */ = {isa = PBXFileReference; lastKnownFileType = sourcecode.c.h; path = SceneDelegate.h; sourceTree = "<group>"; };
		1632FCDF259F111C0010E87C /* SceneDelegate.m */ = {isa = PBXFileReference; lastKnownFileType = sourcecode.c.objc; path = SceneDelegate.m; sourceTree = "<group>"; };
		1632FCE1259F111C0010E87C /* ViewController.h */ = {isa = PBXFileReference; lastKnownFileType = sourcecode.c.h; path = ViewController.h; sourceTree = "<group>"; };
		1632FCE2259F111C0010E87C /* ViewController.m */ = {isa = PBXFileReference; lastKnownFileType = sourcecode.c.objc; path = ViewController.m; sourceTree = "<group>"; };
		1632FCE5259F111C0010E87C /* Base */ = {isa = PBXFileReference; lastKnownFileType = file.storyboard; name = Base; path = Base.lproj/Main.storyboard; sourceTree = "<group>"; };
		1632FCE7259F111E0010E87C /* Assets.xcassets */ = {isa = PBXFileReference; lastKnownFileType = folder.assetcatalog; path = Assets.xcassets; sourceTree = "<group>"; };
		1632FCEA259F111E0010E87C /* Base */ = {isa = PBXFileReference; lastKnownFileType = file.storyboard; name = Base; path = Base.lproj/LaunchScreen.storyboard; sourceTree = "<group>"; };
		1632FCEC259F111E0010E87C /* Info.plist */ = {isa = PBXFileReference; lastKnownFileType = text.plist.xml; path = Info.plist; sourceTree = "<group>"; };
		1632FCED259F111E0010E87C /* main.m */ = {isa = PBXFileReference; lastKnownFileType = sourcecode.c.objc; path = main.m; sourceTree = "<group>"; };
/* End PBXFileReference section */

/* Begin PBXFrameworksBuildPhase section */
		1632FCD5259F111C0010E87C /* Frameworks */ = {
			isa = PBXFrameworksBuildPhase;
			buildActionMask = 2147483647;
			files = (
			);
			runOnlyForDeploymentPostprocessing = 0;
		};
/* End PBXFrameworksBuildPhase section */

/* Begin PBXGroup section */
		1632FCCF259F111C0010E87C = {
			isa = PBXGroup;
			children = (
				1632FCDA259F111C0010E87C /* OperationDownload */,
				1632FCD9259F111C0010E87C /* Products */,
			);
			sourceTree = "<group>";
		};
		1632FCD9259F111C0010E87C /* Products */ = {
			isa = PBXGroup;
			children = (
				1632FCD8259F111C0010E87C /* OperationDownload.app */,
			);
			name = Products;
			sourceTree = "<group>";
		};
		1632FCDA259F111C0010E87C /* OperationDownload */ = {
			isa = PBXGroup;
			children = (
				1632FCDB259F111C0010E87C /* AppDelegate.h */,
				1632FCDC259F111C0010E87C /* AppDelegate.m */,
				1632FCDE259F111C0010E87C /* SceneDelegate.h */,
				1632FCDF259F111C0010E87C /* SceneDelegate.m */,
				1632FCE1259F111C0010E87C /* ViewController.h */,
				1632FCE2259F111C0010E87C /* ViewController.m */,
				1632FCE4259F111C0010E87C /* Main.storyboard */,
				1632FCE7259F111E0010E87C /* Assets.xcassets */,
				1632FCE9259F111E0010E87C /* LaunchScreen.storyboard */,
				1632FCEC259F111E0010E87C /* Info.plist */,
				1632FCED259F111E0010E87C /* main.m */,
			);
			path = OperationDownload;
			sourceTree = "<group>";
		};
/* End PBXGroup section */

/* Begin PBXNativeTarget section */
		1632FCD7259F111C0010E87C /* OperationDownload */ = {
			isa = PBXNativeTarget;
			buildConfigurationList = 1632FCF1259F111E0010E87C /* Build configuration list for PBXNativeTarget "OperationDownload" */;
			buildPhases = (
				1632FCD4259F111C0010E87C /* Sources */,
				1632FCD5259F111C0010E87C /* Frameworks */,
				1632FCD6259F111C0010E87C /* Resources */,
			);
			buildRules = (
			);
			dependencies = (
			);
			name = OperationDownload;
			productName = OperationDownload;
			productReference = 1632FCD8259F111C0010E87C /* OperationDownload.app */;
			productType = "com.apple.product-type.application";
		};
/* End PBXNativeTarget section */

/* Begin PBXProject section */
		1632FCD0259F111C0010E87C /* Project object */ = {
			isa = PBXProject;
			attributes = {
				LastUpgradeCheck = 1170;
				ORGANIZATIONNAME = renjinwei;
				TargetAttributes = {
					1632FCD7259F111C0010E87C = {
						CreatedOnToolsVersion = 11.7;
					};
				};
			};
			buildConfigurationList = 1632FCD3259F111C0010E87C /* Build configuration list for PBXProject "OperationDownload" */;
			compatibilityVersion = "Xcode 9.3";
			developmentRegion = en;
			hasScannedForEncodings = 0;
			knownRegions = (
				en,
				Base,
			);
			mainGroup = 1632FCCF259F111C0010E87C;
			productRefGroup = 1632FCD9259F111C0010E87C /* Products */;
			projectDirPath = "";
			projectRoot = "";
			targets = (
				1632FCD7259F111C0010E87C /* OperationDownload */,
			);
		};
/* End PBXProject section */

/* Begin PBXResourcesBuildPhase section */
		1632FCD6259F111C0010E87C /* Resources */ = {
			isa = PBXResourcesBuildPhase;
			buildActionMask = 2147483647;
			files = (
				1632FCEB259F111E0010E87C /* LaunchScreen.storyboard in Resources */,
				1632FCE8259F111E0010E87C /* Assets.xcassets in Resources */,
				1632FCE6259F111C0010E87C /* Main.storyboard in Resources */,
			);
			runOnlyForDeploymentPostprocessing = 0;
		};
/* End PBXResourcesBuildPhase section */

/* Begin PBXSourcesBuildPhase section */
		1632FCD4259F111C0010E87C /* Sources */ = {
			isa = PBXSourcesBuildPhase;
			buildActionMask = 2147483647;
			files = (
				1632FCE3259F111C0010E87C /* ViewController.m in Sources */,
				1632FCDD259F111C0010E87C /* AppDelegate.m in Sources */,
				1632FCEE259F111E0010E87C /* main.m in Sources */,
				1632FCE0259F111C0010E87C /* SceneDelegate.m in Sources */,
			);
			runOnlyForDeploymentPostprocessing = 0;
		};
/* End PBXSourcesBuildPhase section */

/* Begin PBXVariantGroup section */
		1632FCE4259F111C0010E87C /* Main.storyboard */ = {
			isa = PBXVariantGroup;
			children = (
				1632FCE5259F111C0010E87C /* Base */,
			);
			name = Main.storyboard;
			sourceTree = "<group>";
		};
		1632FCE9259F111E0010E87C /* LaunchScreen.storyboard */ = {
			isa = PBXVariantGroup;
			children = (
				1632FCEA259F111E0010E87C /* Base */,
			);
			name = LaunchScreen.storyboard;
			sourceTree = "<group>";
		};
/* End PBXVariantGroup section */

/* Begin XCBuildConfiguration section */
		1632FCEF259F111E0010E87C /* Debug */ = {
			isa = XCBuildConfiguration;
			buildSettings = {
				ALWAYS_SEARCH_USER_PATHS = NO;
				CLANG_ANALYZER_NONNULL = YES;
				CLANG_ANALYZER_NUMBER_OBJECT_CONVERSION = YES_AGGRESSIVE;
				CLANG_CXX_LANGUAGE_STANDARD = "gnu++14";
				CLANG_CXX_LIBRARY = "libc++";
				CLANG_ENABLE_MODULES = YES;
				CLANG_ENABLE_OBJC_ARC = YES;
				CLANG_ENABLE_OBJC_WEAK = YES;
				CLANG_WARN_BLOCK_CAPTURE_AUTORELEASING = YES;
				CLANG_WARN_BOOL_CONVERSION = YES;
				CLANG_WARN_COMMA = YES;
				CLANG_WARN_CONSTANT_CONVERSION = YES;
				CLANG_WARN_DEPRECATED_OBJC_IMPLEMENTATIONS = YES;
				CLANG_WARN_DIRECT_OBJC_ISA_USAGE = YES_ERROR;
				CLANG_WARN_DOCUMENTATION_COMMENTS = YES;
				CLANG_WARN_EMPTY_BODY = YES;
				CLANG_WARN_ENUM_CONVERSION = YES;
				CLANG_WARN_INFINITE_RECURSION = YES;
				CLANG_WARN_INT_CONVERSION = YES;
				CLANG_WARN_NON_LITERAL_NULL_CONVERSION = YES;
				CLANG_WARN_OBJC_IMPLICIT_RETAIN_SELF = YES;
				CLANG_WARN_OBJC_LITERAL_CONVERSION = YES;
				CLANG_WARN_OBJC_ROOT_CLASS = YES_ERROR;
				CLANG_WARN_RANGE_LOOP_ANALYSIS = YES;
				CLANG_WARN_STRICT_PROTOTYPES = YES;
				CLANG_WARN_SUSPICIOUS_MOVE = YES;
				CLANG_WARN_UNGUARDED_AVAILABILITY = YES_AGGRESSIVE;
				CLANG_WARN_UNREACHABLE_CODE = YES;
				CLANG_WARN__DUPLICATE_METHOD_MATCH = YES;
				COPY_PHASE_STRIP = NO;
				DEBUG_INFORMATION_FORMAT = dwarf;
				ENABLE_STRICT_OBJC_MSGSEND = YES;
				ENABLE_TESTABILITY = YES;
				GCC_C_LANGUAGE_STANDARD = gnu11;
				GCC_DYNAMIC_NO_PIC = NO;
				GCC_NO_COMMON_BLOCKS = YES;
				GCC_OPTIMIZATION_LEVEL = 0;
				GCC_PREPROCESSOR_DEFINITIONS = (
					"DEBUG=1",
					"$(inherited)",
				);
				GCC_WARN_64_TO_32_BIT_CONVERSION = YES;
				GCC_WARN_ABOUT_RETURN_TYPE = YES_ERROR;
				GCC_WARN_UNDECLARED_SELECTOR = YES;
				GCC_WARN_UNINITIALIZED_AUTOS = YES_AGGRESSIVE;
				GCC_WARN_UNUSED_FUNCTION = YES;
				GCC_WARN_UNUSED_VARIABLE = YES;
				IPHONEOS_DEPLOYMENT_TARGET = 13.7;
				MTL_ENABLE_DEBUG_INFO = INCLUDE_SOURCE;
				MTL_FAST_MATH = YES;
				ONLY_ACTIVE_ARCH = YES;
				SDKROOT = iphoneos;
			};
			name = Debug;
		};
		1632FCF0259F111E0010E87C /* Release */ = {
			isa = XCBuildConfiguration;
			buildSettings = {
				ALWAYS_SEARCH_USER_PATHS = NO;
				CLANG_ANALYZER_NONNULL = YES;
				CLANG_ANALYZER_NUMBER_OBJECT_CONVERSION = YES_AGGRESSIVE;
				CLANG_CXX_LANGUAGE_STANDARD = "gnu++14";
				CLANG_CXX_LIBRARY = "libc++";
				CLANG_ENABLE_MODULES = YES;
				CLANG_ENABLE_OBJC_ARC = YES;
				CLANG_ENABLE_OBJC_WEAK = YES;
				CLANG_WARN_BLOCK_CAPTURE_AUTORELEASING = YES;
				CLANG_WARN_BOOL_CONVERSION = YES;
				CLANG_WARN_COMMA = YES;
				CLANG_WARN_CONSTANT_CONVERSION = YES;
				CLANG_WARN_DEPRECATED_OBJC_IMPLEMENTATIONS = YES;
				CLANG_WARN_DIRECT_OBJC_ISA_USAGE = YES_ERROR;
				CLANG_WARN_DOCUMENTATION_COMMENTS = YES;
				CLANG_WARN_EMPTY_BODY = YES;
				CLANG_WARN_ENUM_CONVERSION = YES;
				CLANG_WARN_INFINITE_RECURSION = YES;
				CLANG_WARN_INT_CONVERSION = YES;
				CLANG_WARN_NON_LITERAL_NULL_CONVERSION = YES;
				CLANG_WARN_OBJC_IMPLICIT_RETAIN_SELF = YES;
				CLANG_WARN_OBJC_LITERAL_CONVERSION = YES;
				CLANG_WARN_OBJC_ROOT_CLASS = YES_ERROR;
				CLANG_WARN_RANGE_LOOP_ANALYSIS = YES;
				CLANG_WARN_STRICT_PROTOTYPES = YES;
				CLANG_WARN_SUSPICIOUS_MOVE = YES;
				CLANG_WARN_UNGUARDED_AVAILABILITY = YES_AGGRESSIVE;
				CLANG_WARN_UNREACHABLE_CODE = YES;
				CLANG_WARN__DUPLICATE_METHOD_MATCH = YES;
				COPY_PHASE_STRIP = NO;
				DEBUG_INFORMATION_FORMAT = "dwarf-with-dsym";
				ENABLE_NS_ASSERTIONS = NO;
				ENABLE_STRICT_OBJC_MSGSEND = YES;
				GCC_C_LANGUAGE_STANDARD = gnu11;
				GCC_NO_COMMON_BLOCKS = YES;
				GCC_WARN_64_TO_32_BIT_CONVERSION = YES;
				GCC_WARN_ABOUT_RETURN_TYPE = YES_ERROR;
				GCC_WARN_UNDECLARED_SELECTOR = YES;
				GCC_WARN_UNINITIALIZED_AUTOS = YES_AGGRESSIVE;
				GCC_WARN_UNUSED_FUNCTION = YES;
				GCC_WARN_UNUSED_VARIABLE = YES;
				IPHONEOS_DEPLOYMENT_TARGET = 13.7;
				MTL_ENABLE_DEBUG_INFO = NO;
				MTL_FAST_MATH = YES;
				SDKROOT = iphoneos;
				VALIDATE_PRODUCT = YES;
			};
			name = Release;
		};
		1632FCF2259F111E0010E87C /* Debug */ = {
			isa = XCBuildConfiguration;
			buildSettings = {
				ASSETCATALOG_COMPILER_APPICON_NAME = AppIcon;
				CODE_SIGN_STYLE = Automatic;
				INFOPLIST_FILE = OperationDownload/Info.plist;
				LD_RUNPATH_SEARCH_PATHS = (
					"$(inherited)",
					"@executable_path/Frameworks",
				);
				PRODUCT_BUNDLE_IDENTIFIER = com.cisco.OperationDownload;
				PRODUCT_NAME = "$(TARGET_NAME)";
				TARGETED_DEVICE_FAMILY = "1,2";
			};
			name = Debug;
		};
		1632FCF3259F111E0010E87C /* Release */ = {
			isa = XCBuildConfiguration;
			buildSettings = {
				ASSETCATALOG_COMPILER_APPICON_NAME = AppIcon;
				CODE_SIGN_STYLE = Automatic;
				INFOPLIST_FILE = OperationDownload/Info.plist;
				LD_RUNPATH_SEARCH_PATHS = (
					"$(inherited)",
					"@executable_path/Frameworks",
				);
				PRODUCT_BUNDLE_IDENTIFIER = com.cisco.OperationDownload;
				PRODUCT_NAME = "$(TARGET_NAME)";
				TARGETED_DEVICE_FAMILY = "1,2";
			};
			name = Release;
		};
/* End XCBuildConfiguration section */

/* Begin XCConfigurationList section */
		1632FCD3259F111C0010E87C /* Build configuration list for PBXProject "OperationDownload" */ = {
			isa = XCConfigurationList;
			buildConfigurations = (
				1632FCEF259F111E0010E87C /* Debug */,
				1632FCF0259F111E0010E87C /* Release */,
			);
			defaultConfigurationIsVisible = 0;
			defaultConfigurationName = Release;
		};
		1632FCF1259F111E0010E87C /* Build configuration list for PBXNativeTarget "OperationDownload" */ = {
			isa = XCConfigurationList;
			buildConfigurations = (
				1632FCF2259F111E0010E87C /* Debug */,
				1632FCF3259F111E0010E87C /* Release */,
			);
			defaultConfigurationIsVisible = 0;
			defaultConfigurationName = Release;
		};
/* End XCConfigurationList section */
	};
	rootObject = 1632FCD0259F111C0010E87C /* Project object */;
}
